
Microsoft Visual Studio Solution File, Format Version 12.00
# Visual Studio 15
VisualStudioVersion = 15.0.27428.2037
MinimumVisualStudioVersion = 10.0.40219.1
Project("{FAE04EC0-301F-11D3-BF4B-00C04F79EFBC}") = "CorelationCalculator", "CorelationCalculator\CorelationCalculator.csproj", "{9EEF2ED3-FE7F-4524-B96B-1CD29EE48474}"
EndProject
Global
	GlobalSection(SolutionConfigurationPlatforms) = preSolution
		Debug|Any CPU = Debug|Any CPU
		Release|Any CPU = Release|Any CPU
	EndGlobalSection
	GlobalSection(ProjectConfigurationPlatforms) = postSolution
		{9EEF2ED3-FE7F-4524-B96B-1CD29EE48474}.Debug|Any CPU.ActiveCfg = Debug|Any CPU
		{9EEF2ED3-FE7F-4524-B96B-1CD29EE48474}.Debug|Any CPU.Build.0 = Debug|Any CPU
		{9EEF2ED3-FE7F-4524-B96B-1CD29EE48474}.Release|Any CPU.ActiveCfg = Release|Any CPU
		{9EEF2ED3-FE7F-4524-B96B-1CD29EE48474}.Release|Any CPU.Build.0 = Release|Any CPU
	EndGlobalSection
	GlobalSection(SolutionProperties) = preSolution
		HideSolutionNode = FALSE
	EndGlobalSection
	GlobalSection(ExtensibilityGlobals) = postSolution
		SolutionGuid = {2055E3B8-F4A0-4AFB-BACE-AB4B3342C39E}
	EndGlobalSection
EndGlobal
